// !$*UTF8*$!
{
	archiveVersion = 1;
	classes = {
	};
	objectVersion = 46;
	objects = {

/* Begin PBXBuildFile section */
		D6066AAF17C7252A00B83711 /* Seikai01-1.mp3 in Resources */ = {isa = PBXBuildFile; fileRef = D6066AAE17C7252A00B83711 /* Seikai01-1.mp3 */; };
		D6101B2317C7F77C001F4893 /* menu_2.mp3 in Resources */ = {isa = PBXBuildFile; fileRef = D6101B2217C7F77C001F4893 /* menu_2.mp3 */; };
		D6101B2517C7FADE001F4893 /* tap.mp3 in Resources */ = {isa = PBXBuildFile; fileRef = D6101B2417C7FADE001F4893 /* tap.mp3 */; };
		D6101B2717C7FAE6001F4893 /* judge.mp3 in Resources */ = {isa = PBXBuildFile; fileRef = D6101B2617C7FAE6001F4893 /* judge.mp3 */; };
		D6101B2917C7FB9A001F4893 /* btnTap.mp3 in Resources */ = {isa = PBXBuildFile; fileRef = D6101B2817C7FB9A001F4893 /* btnTap.mp3 */; };
		D61B41771799922100F51913 /* UIKit.framework in Frameworks */ = {isa = PBXBuildFile; fileRef = D61B41761799922100F51913 /* UIKit.framework */; };
		D61B41791799922100F51913 /* Foundation.framework in Frameworks */ = {isa = PBXBuildFile; fileRef = D61B41781799922100F51913 /* Foundation.framework */; };
		D61B417B1799922100F51913 /* CoreGraphics.framework in Frameworks */ = {isa = PBXBuildFile; fileRef = D61B417A1799922100F51913 /* CoreGraphics.framework */; };
		D61B41811799922100F51913 /* InfoPlist.strings in Resources */ = {isa = PBXBuildFile; fileRef = D61B417F1799922100F51913 /* InfoPlist.strings */; };
		D61B41831799922100F51913 /* main.m in Sources */ = {isa = PBXBuildFile; fileRef = D61B41821799922100F51913 /* main.m */; };
		D61B41871799922100F51913 /* AppDelegate.m in Sources */ = {isa = PBXBuildFile; fileRef = D61B41861799922100F51913 /* AppDelegate.m */; };
		D61B41901799922100F51913 /* MainStoryboard.storyboard in Resources */ = {isa = PBXBuildFile; fileRef = D61B418E1799922100F51913 /* MainStoryboard.storyboard */; };
		D61B419B17999CEB00F51913 /* FreeSettingViewController.m in Sources */ = {isa = PBXBuildFile; fileRef = D61B419A17999CEB00F51913 /* FreeSettingViewController.m */; };
		D61B419E17999D7500F51913 /* FreeCalculationViewController.m in Sources */ = {isa = PBXBuildFile; fileRef = D61B419D17999D7500F51913 /* FreeCalculationViewController.m */; };
		D61B41A117999D9900F51913 /* FreeAnswerViewController.m in Sources */ = {isa = PBXBuildFile; fileRef = D61B41A017999D9900F51913 /* FreeAnswerViewController.m */; };
		D695CFE717A2FE6900C5BCDE /* Model.xcdatamodeld in Sources */ = {isa = PBXBuildFile; fileRef = D695CFE517A2FE6800C5BCDE /* Model.xcdatamodeld */; };
		D695CFEA17A3008700C5BCDE /* FLRecord.m in Sources */ = {isa = PBXBuildFile; fileRef = D695CFE917A3008600C5BCDE /* FLRecord.m */; };
		D695CFEE17A3070000C5BCDE /* FLDataManager.m in Sources */ = {isa = PBXBuildFile; fileRef = D695CFED17A3070000C5BCDE /* FLDataManager.m */; };
		D695CFF017A3129B00C5BCDE /* CoreData.framework in Frameworks */ = {isa = PBXBuildFile; fileRef = D695CFEF17A3129B00C5BCDE /* CoreData.framework */; };
		D695CFF417A3CB4400C5BCDE /* RecordTableViewController.m in Sources */ = {isa = PBXBuildFile; fileRef = D695CFF317A3CB4400C5BCDE /* RecordTableViewController.m */; };
		D695CFF817A4290E00C5BCDE /* FLRecordCell.m in Sources */ = {isa = PBXBuildFile; fileRef = D695CFF717A4290E00C5BCDE /* FLRecordCell.m */; };
		D6A0C61E17B0432B0051A674 /* QBFlatButton.m in Sources */ = {isa = PBXBuildFile; fileRef = D6A0C61D17B0432B0051A674 /* QBFlatButton.m */; };
		D6A0C64517B043430051A674 /* FUIAlertView.m in Sources */ = {isa = PBXBuildFile; fileRef = D6A0C62217B043430051A674 /* FUIAlertView.m */; };
		D6A0C64617B043430051A674 /* FUIButton.m in Sources */ = {isa = PBXBuildFile; fileRef = D6A0C62417B043430051A674 /* FUIButton.m */; };
		D6A0C64717B043430051A674 /* FUICellBackgroundView.m in Sources */ = {isa = PBXBuildFile; fileRef = D6A0C62617B043430051A674 /* FUICellBackgroundView.m */; };
		D6A0C64817B043430051A674 /* FUIPopoverBackgroundView.m in Sources */ = {isa = PBXBuildFile; fileRef = D6A0C62817B043430051A674 /* FUIPopoverBackgroundView.m */; };
		D6A0C64917B043430051A674 /* FUISegmentedControl.m in Sources */ = {isa = PBXBuildFile; fileRef = D6A0C62A17B043430051A674 /* FUISegmentedControl.m */; };
		D6A0C64A17B043430051A674 /* FUISwitch.m in Sources */ = {isa = PBXBuildFile; fileRef = D6A0C62C17B043430051A674 /* FUISwitch.m */; };
		D6A0C64B17B043430051A674 /* UIBarButtonItem+FlatUI.m in Sources */ = {isa = PBXBuildFile; fileRef = D6A0C62E17B043430051A674 /* UIBarButtonItem+FlatUI.m */; };
		D6A0C64C17B043430051A674 /* UIColor+FlatUI.m in Sources */ = {isa = PBXBuildFile; fileRef = D6A0C63017B043430051A674 /* UIColor+FlatUI.m */; };
		D6A0C64D17B043430051A674 /* UIFont+FlatUI.m in Sources */ = {isa = PBXBuildFile; fileRef = D6A0C63217B043430051A674 /* UIFont+FlatUI.m */; };
		D6A0C64E17B043430051A674 /* UIImage+FlatUI.m in Sources */ = {isa = PBXBuildFile; fileRef = D6A0C63417B043430051A674 /* UIImage+FlatUI.m */; };
		D6A0C64F17B043430051A674 /* UINavigationBar+FlatUI.m in Sources */ = {isa = PBXBuildFile; fileRef = D6A0C63617B043430051A674 /* UINavigationBar+FlatUI.m */; };
		D6A0C65017B043430051A674 /* UIPopoverController+FlatUI.m in Sources */ = {isa = PBXBuildFile; fileRef = D6A0C63817B043430051A674 /* UIPopoverController+FlatUI.m */; };
		D6A0C65117B043430051A674 /* UIProgressView+FlatUI.m in Sources */ = {isa = PBXBuildFile; fileRef = D6A0C63A17B043430051A674 /* UIProgressView+FlatUI.m */; };
		D6A0C65217B043430051A674 /* UISlider+FlatUI.m in Sources */ = {isa = PBXBuildFile; fileRef = D6A0C63C17B043430051A674 /* UISlider+FlatUI.m */; };
		D6A0C65317B043430051A674 /* UIStepper+FlatUI.m in Sources */ = {isa = PBXBuildFile; fileRef = D6A0C63E17B043430051A674 /* UIStepper+FlatUI.m */; };
		D6A0C65417B043430051A674 /* UITabBar+FlatUI.m in Sources */ = {isa = PBXBuildFile; fileRef = D6A0C64017B043430051A674 /* UITabBar+FlatUI.m */; };
		D6A0C65517B043430051A674 /* UITableViewCell+FlatUI.m in Sources */ = {isa = PBXBuildFile; fileRef = D6A0C64217B043430051A674 /* UITableViewCell+FlatUI.m */; };
		D6A0C65617B043430051A674 /* UIToolbar+FlatUI.m in Sources */ = {isa = PBXBuildFile; fileRef = D6A0C64417B043430051A674 /* UIToolbar+FlatUI.m */; };
		D6A0C65917B043C60051A674 /* Global.m in Sources */ = {isa = PBXBuildFile; fileRef = D6A0C65817B043C60051A674 /* Global.m */; };
		D6A0C65B17B0448D0051A674 /* CoreText.framework in Frameworks */ = {isa = PBXBuildFile; fileRef = D6A0C65A17B0448D0051A674 /* CoreText.framework */; };
		D6AE7E4017A881C0004E00AC /* CoreLocation.framework in Frameworks */ = {isa = PBXBuildFile; fileRef = D6AE7E3F17A881C0004E00AC /* CoreLocation.framework */; };
		D6AE8FDD17B3C5F0001C4C4D /* Default-568h@2x.png in Resources */ = {isa = PBXBuildFile; fileRef = D6AE8FDC17B3C5F0001C4C4D /* Default-568h@2x.png */; };
		D6DB15E117C64F6D005C4C41 /* breakHeart.png in Resources */ = {isa = PBXBuildFile; fileRef = D6DB15C617C64F6D005C4C41 /* breakHeart.png */; };
		D6DB15E217C64F6D005C4C41 /* clapboard.png in Resources */ = {isa = PBXBuildFile; fileRef = D6DB15C717C64F6D005C4C41 /* clapboard.png */; };
		D6DB15E317C64F6D005C4C41 /* clapboard@2x.png in Resources */ = {isa = PBXBuildFile; fileRef = D6DB15C817C64F6D005C4C41 /* clapboard@2x.png */; };
		D6DB15E417C64F6D005C4C41 /* Default-568@2x.png in Resources */ = {isa = PBXBuildFile; fileRef = D6DB15C917C64F6D005C4C41 /* Default-568@2x.png */; };
		D6DB15E517C64F6D005C4C41 /* Default.png in Resources */ = {isa = PBXBuildFile; fileRef = D6DB15CA17C64F6D005C4C41 /* Default.png */; };
		D6DB15E617C64F6D005C4C41 /* Default@2x.png in Resources */ = {isa = PBXBuildFile; fileRef = D6DB15CB17C64F6D005C4C41 /* Default@2x.png */; };
		D6DB15E717C64F6D005C4C41 /* fire_02.png in Resources */ = {isa = PBXBuildFile; fileRef = D6DB15CC17C64F6D005C4C41 /* fire_02.png */; };
		D6DB15E817C64F6D005C4C41 /* fire_02@2x.png in Resources */ = {isa = PBXBuildFile; fileRef = D6DB15CD17C64F6D005C4C41 /* fire_02@2x.png */; };
		D6DB15E917C64F6D005C4C41 /* FlashLate_FlatNavi.png in Resources */ = {isa = PBXBuildFile; fileRef = D6DB15CE17C64F6D005C4C41 /* FlashLate_FlatNavi.png */; };
		D6DB15EA17C64F6D005C4C41 /* FlashLate_icon_back.png in Resources */ = {isa = PBXBuildFile; fileRef = D6DB15CF17C64F6D005C4C41 /* FlashLate_icon_back.png */; };
		D6DB15EB17C64F6D005C4C41 /* flatheart.png in Resources */ = {isa = PBXBuildFile; fileRef = D6DB15D017C64F6D005C4C41 /* flatheart.png */; };
		D6DB15EC17C64F6D005C4C41 /* graph_bar.png in Resources */ = {isa = PBXBuildFile; fileRef = D6DB15D117C64F6D005C4C41 /* graph_bar.png */; };
		D6DB15ED17C64F6D005C4C41 /* graph_bar@2x.png in Resources */ = {isa = PBXBuildFile; fileRef = D6DB15D217C64F6D005C4C41 /* graph_bar@2x.png */; };
		D6DB15EE17C64F6D005C4C41 /* heart_life.png in Resources */ = {isa = PBXBuildFile; fileRef = D6DB15D317C64F6D005C4C41 /* heart_life.png */; };
		D6DB15EF17C64F6D005C4C41 /* icon-72.png in Resources */ = {isa = PBXBuildFile; fileRef = D6DB15D417C64F6D005C4C41 /* icon-72.png */; };
		D6DB15F017C64F6D005C4C41 /* icon-72@2x.png in Resources */ = {isa = PBXBuildFile; fileRef = D6DB15D517C64F6D005C4C41 /* icon-72@2x.png */; };
		D6DB15F117C64F6D005C4C41 /* icon-small-50.png in Resources */ = {isa = PBXBuildFile; fileRef = D6DB15D617C64F6D005C4C41 /* icon-small-50.png */; };
		D6DB15F217C64F6D005C4C41 /* icon-small-50@2x.png in Resources */ = {isa = PBXBuildFile; fileRef = D6DB15D717C64F6D005C4C41 /* icon-small-50@2x.png */; };
		D6DB15F317C64F6D005C4C41 /* icon-small.png in Resources */ = {isa = PBXBuildFile; fileRef = D6DB15D817C64F6D005C4C41 /* icon-small.png */; };
		D6DB15F417C64F6D005C4C41 /* icon-small@2x.png in Resources */ = {isa = PBXBuildFile; fileRef = D6DB15D917C64F6D005C4C41 /* icon-small@2x.png */; };
		D6DB15F517C64F6D005C4C41 /* icon.png in Resources */ = {isa = PBXBuildFile; fileRef = D6DB15DA17C64F6D005C4C41 /* icon.png */; };
		D6DB15F617C64F6D005C4C41 /* icon@2x.png in Resources */ = {isa = PBXBuildFile; fileRef = D6DB15DB17C64F6D005C4C41 /* icon@2x.png */; };
		D6DB15F717C64F6D005C4C41 /* iTunesArtwork.png in Resources */ = {isa = PBXBuildFile; fileRef = D6DB15DC17C64F6D005C4C41 /* iTunesArtwork.png */; };
		D6DB15F817C64F6D005C4C41 /* iTunesArtwork1024.png in Resources */ = {isa = PBXBuildFile; fileRef = D6DB15DD17C64F6D005C4C41 /* iTunesArtwork1024.png */; };
		D6DB15F917C64F6D005C4C41 /* lblStart.png in Resources */ = {isa = PBXBuildFile; fileRef = D6DB15DE17C64F6D005C4C41 /* lblStart.png */; };
		D6DB15FA17C64F6D005C4C41 /* tabbar_background.png in Resources */ = {isa = PBXBuildFile; fileRef = D6DB15DF17C64F6D005C4C41 /* tabbar_background.png */; };
		D6DB15FB17C64F6D005C4C41 /* tabbar_in.png in Resources */ = {isa = PBXBuildFile; fileRef = D6DB15E017C64F6D005C4C41 /* tabbar_in.png */; };
		D6DB15FD17C64FA0005C4C41 /* Default-568h@2x.png in Resources */ = {isa = PBXBuildFile; fileRef = D6DB15FC17C64FA0005C4C41 /* Default-568h@2x.png */; };
		D6EADEDF17C4F72D0070A39D /* ChallengeSelectViewController.m in Sources */ = {isa = PBXBuildFile; fileRef = D6EADEDE17C4F72D0070A39D /* ChallengeSelectViewController.m */; };
		D6EADEE217C4F7530070A39D /* ChallengeCalculationViewController.m in Sources */ = {isa = PBXBuildFile; fileRef = D6EADEE117C4F7530070A39D /* ChallengeCalculationViewController.m */; };
		D6EADEE517C4F7660070A39D /* ChallengeResultViewController.m in Sources */ = {isa = PBXBuildFile; fileRef = D6EADEE417C4F7660070A39D /* ChallengeResultViewController.m */; };
		D6EADEE817C526200070A39D /* RecordGraphViewController.m in Sources */ = {isa = PBXBuildFile; fileRef = D6EADEE717C5261F0070A39D /* RecordGraphViewController.m */; };
		D6EADEED17C5278D0070A39D /* S7GraphView.m in Sources */ = {isa = PBXBuildFile; fileRef = D6EADEEB17C5278D0070A39D /* S7GraphView.m */; settings = {COMPILER_FLAGS = "-fno-objc-arc"; }; };
		D6EADEF217C5BB850070A39D /* NSDate+Extras.m in Sources */ = {isa = PBXBuildFile; fileRef = D6EADEF017C5BB850070A39D /* NSDate+Extras.m */; };
		D6F4AAF017CBF29F00675D90 /* sky_Background.jpg in Resources */ = {isa = PBXBuildFile; fileRef = D6F4AAEF17CBF29F00675D90 /* sky_Background.jpg */; };
		D6F4AAF217CBF32C00675D90 /* backgroundSky320_480.jpg in Resources */ = {isa = PBXBuildFile; fileRef = D6F4AAF117CBF32C00675D90 /* backgroundSky320_480.jpg */; };
		D6FE4FF917C6B6520049C2E1 /* AVFoundation.framework in Frameworks */ = {isa = PBXBuildFile; fileRef = D6FE4FF817C6B6510049C2E1 /* AVFoundation.framework */; };
		D6FE4FFC17C6B7CD0049C2E1 /* wrong.mp3 in Resources */ = {isa = PBXBuildFile; fileRef = D6FE4FFA17C6B7CD0049C2E1 /* wrong.mp3 */; };
		D6FE4FFD17C6B7CD0049C2E1 /* right.mp3 in Resources */ = {isa = PBXBuildFile; fileRef = D6FE4FFB17C6B7CD0049C2E1 /* right.mp3 */; };
/* End PBXBuildFile section */

/* Begin PBXFileReference section */
		D6066AAE17C7252A00B83711 /* Seikai01-1.mp3 */ = {isa = PBXFileReference; lastKnownFileType = audio.mp3; path = "Seikai01-1.mp3"; sourceTree = "<group>"; };
		D6101B2217C7F77C001F4893 /* menu_2.mp3 */ = {isa = PBXFileReference; lastKnownFileType = audio.mp3; path = menu_2.mp3; sourceTree = "<group>"; };
		D6101B2417C7FADE001F4893 /* tap.mp3 */ = {isa = PBXFileReference; lastKnownFileType = audio.mp3; path = tap.mp3; sourceTree = "<group>"; };
		D6101B2617C7FAE6001F4893 /* judge.mp3 */ = {isa = PBXFileReference; lastKnownFileType = audio.mp3; path = judge.mp3; sourceTree = "<group>"; };
		D6101B2817C7FB9A001F4893 /* btnTap.mp3 */ = {isa = PBXFileReference; lastKnownFileType = audio.mp3; path = btnTap.mp3; sourceTree = "<group>"; };
		D61B41731799922100F51913 /* Flashlate.app */ = {isa = PBXFileReference; explicitFileType = wrapper.application; includeInIndex = 0; path = Flashlate.app; sourceTree = BUILT_PRODUCTS_DIR; };
		D61B41761799922100F51913 /* UIKit.framework */ = {isa = PBXFileReference; lastKnownFileType = wrapper.framework; name = UIKit.framework; path = System/Library/Frameworks/UIKit.framework; sourceTree = SDKROOT; };
		D61B41781799922100F51913 /* Foundation.framework */ = {isa = PBXFileReference; lastKnownFileType = wrapper.framework; name = Foundation.framework; path = System/Library/Frameworks/Foundation.framework; sourceTree = SDKROOT; };
		D61B417A1799922100F51913 /* CoreGraphics.framework */ = {isa = PBXFileReference; lastKnownFileType = wrapper.framework; name = CoreGraphics.framework; path = System/Library/Frameworks/CoreGraphics.framework; sourceTree = SDKROOT; };
		D61B417E1799922100F51913 /* Flashlate-Info.plist */ = {isa = PBXFileReference; lastKnownFileType = text.plist.xml; path = "Flashlate-Info.plist"; sourceTree = "<group>"; };
		D61B41801799922100F51913 /* en */ = {isa = PBXFileReference; lastKnownFileType = text.plist.strings; name = en; path = en.lproj/InfoPlist.strings; sourceTree = "<group>"; };
		D61B41821799922100F51913 /* main.m */ = {isa = PBXFileReference; lastKnownFileType = sourcecode.c.objc; path = main.m; sourceTree = "<group>"; };
		D61B41841799922100F51913 /* Flashlate-Prefix.pch */ = {isa = PBXFileReference; lastKnownFileType = sourcecode.c.h; path = "Flashlate-Prefix.pch"; sourceTree = "<group>"; };
		D61B41851799922100F51913 /* AppDelegate.h */ = {isa = PBXFileReference; lastKnownFileType = sourcecode.c.h; path = AppDelegate.h; sourceTree = "<group>"; };
		D61B41861799922100F51913 /* AppDelegate.m */ = {isa = PBXFileReference; lastKnownFileType = sourcecode.c.objc; path = AppDelegate.m; sourceTree = "<group>"; };
		D61B418F1799922100F51913 /* en */ = {isa = PBXFileReference; lastKnownFileType = file.storyboard; name = en; path = en.lproj/MainStoryboard.storyboard; sourceTree = "<group>"; };
		D61B419917999CEB00F51913 /* FreeSettingViewController.h */ = {isa = PBXFileReference; fileEncoding = 4; lastKnownFileType = sourcecode.c.h; path = FreeSettingViewController.h; sourceTree = "<group>"; };
		D61B419A17999CEB00F51913 /* FreeSettingViewController.m */ = {isa = PBXFileReference; fileEncoding = 4; lastKnownFileType = sourcecode.c.objc; path = FreeSettingViewController.m; sourceTree = "<group>"; };
		D61B419C17999D7500F51913 /* FreeCalculationViewController.h */ = {isa = PBXFileReference; fileEncoding = 4; lastKnownFileType = sourcecode.c.h; path = FreeCalculationViewController.h; sourceTree = "<group>"; };
		D61B419D17999D7500F51913 /* FreeCalculationViewController.m */ = {isa = PBXFileReference; fileEncoding = 4; lastKnownFileType = sourcecode.c.objc; path = FreeCalculationViewController.m; sourceTree = "<group>"; };
		D61B419F17999D9900F51913 /* FreeAnswerViewController.h */ = {isa = PBXFileReference; fileEncoding = 4; lastKnownFileType = sourcecode.c.h; path = FreeAnswerViewController.h; sourceTree = "<group>"; };
		D61B41A017999D9900F51913 /* FreeAnswerViewController.m */ = {isa = PBXFileReference; fileEncoding = 4; lastKnownFileType = sourcecode.c.objc; path = FreeAnswerViewController.m; sourceTree = "<group>"; };
		D695CFE617A2FE6900C5BCDE /* Model.xcdatamodel */ = {isa = PBXFileReference; lastKnownFileType = wrapper.xcdatamodel; path = Model.xcdatamodel; sourceTree = "<group>"; };
		D695CFE817A3008600C5BCDE /* FLRecord.h */ = {isa = PBXFileReference; fileEncoding = 4; lastKnownFileType = sourcecode.c.h; path = FLRecord.h; sourceTree = "<group>"; };
		D695CFE917A3008600C5BCDE /* FLRecord.m */ = {isa = PBXFileReference; fileEncoding = 4; lastKnownFileType = sourcecode.c.objc; path = FLRecord.m; sourceTree = "<group>"; };
		D695CFEC17A3070000C5BCDE /* FLDataManager.h */ = {isa = PBXFileReference; fileEncoding = 4; lastKnownFileType = sourcecode.c.h; path = FLDataManager.h; sourceTree = "<group>"; };
		D695CFED17A3070000C5BCDE /* FLDataManager.m */ = {isa = PBXFileReference; fileEncoding = 4; lastKnownFileType = sourcecode.c.objc; path = FLDataManager.m; sourceTree = "<group>"; };
		D695CFEF17A3129B00C5BCDE /* CoreData.framework */ = {isa = PBXFileReference; lastKnownFileType = wrapper.framework; name = CoreData.framework; path = System/Library/Frameworks/CoreData.framework; sourceTree = SDKROOT; };
		D695CFF217A3CB4400C5BCDE /* RecordTableViewController.h */ = {isa = PBXFileReference; fileEncoding = 4; lastKnownFileType = sourcecode.c.h; path = RecordTableViewController.h; sourceTree = "<group>"; };
		D695CFF317A3CB4400C5BCDE /* RecordTableViewController.m */ = {isa = PBXFileReference; fileEncoding = 4; lastKnownFileType = sourcecode.c.objc; path = RecordTableViewController.m; sourceTree = "<group>"; };
		D695CFF617A4290E00C5BCDE /* FLRecordCell.h */ = {isa = PBXFileReference; fileEncoding = 4; lastKnownFileType = sourcecode.c.h; path = FLRecordCell.h; sourceTree = "<group>"; };
		D695CFF717A4290E00C5BCDE /* FLRecordCell.m */ = {isa = PBXFileReference; fileEncoding = 4; lastKnownFileType = sourcecode.c.objc; path = FLRecordCell.m; sourceTree = "<group>"; };
		D6A0C61C17B0432B0051A674 /* QBFlatButton.h */ = {isa = PBXFileReference; fileEncoding = 4; lastKnownFileType = sourcecode.c.h; path = QBFlatButton.h; sourceTree = "<group>"; };
		D6A0C61D17B0432B0051A674 /* QBFlatButton.m */ = {isa = PBXFileReference; fileEncoding = 4; lastKnownFileType = sourcecode.c.objc; path = QBFlatButton.m; sourceTree = "<group>"; };
		D6A0C62017B043430051A674 /* FlatUIKit.h */ = {isa = PBXFileReference; fileEncoding = 4; lastKnownFileType = sourcecode.c.h; path = FlatUIKit.h; sourceTree = "<group>"; };
		D6A0C62117B043430051A674 /* FUIAlertView.h */ = {isa = PBXFileReference; fileEncoding = 4; lastKnownFileType = sourcecode.c.h; path = FUIAlertView.h; sourceTree = "<group>"; };
		D6A0C62217B043430051A674 /* FUIAlertView.m */ = {isa = PBXFileReference; fileEncoding = 4; lastKnownFileType = sourcecode.c.objc; path = FUIAlertView.m; sourceTree = "<group>"; };
		D6A0C62317B043430051A674 /* FUIButton.h */ = {isa = PBXFileReference; fileEncoding = 4; lastKnownFileType = sourcecode.c.h; path = FUIButton.h; sourceTree = "<group>"; };
		D6A0C62417B043430051A674 /* FUIButton.m */ = {isa = PBXFileReference; fileEncoding = 4; lastKnownFileType = sourcecode.c.objc; path = FUIButton.m; sourceTree = "<group>"; };
		D6A0C62517B043430051A674 /* FUICellBackgroundView.h */ = {isa = PBXFileReference; fileEncoding = 4; lastKnownFileType = sourcecode.c.h; path = FUICellBackgroundView.h; sourceTree = "<group>"; };
		D6A0C62617B043430051A674 /* FUICellBackgroundView.m */ = {isa = PBXFileReference; fileEncoding = 4; lastKnownFileType = sourcecode.c.objc; path = FUICellBackgroundView.m; sourceTree = "<group>"; };
		D6A0C62717B043430051A674 /* FUIPopoverBackgroundView.h */ = {isa = PBXFileReference; fileEncoding = 4; lastKnownFileType = sourcecode.c.h; path = FUIPopoverBackgroundView.h; sourceTree = "<group>"; };
		D6A0C62817B043430051A674 /* FUIPopoverBackgroundView.m */ = {isa = PBXFileReference; fileEncoding = 4; lastKnownFileType = sourcecode.c.objc; path = FUIPopoverBackgroundView.m; sourceTree = "<group>"; };
		D6A0C62917B043430051A674 /* FUISegmentedControl.h */ = {isa = PBXFileReference; fileEncoding = 4; lastKnownFileType = sourcecode.c.h; path = FUISegmentedControl.h; sourceTree = "<group>"; };
		D6A0C62A17B043430051A674 /* FUISegmentedControl.m */ = {isa = PBXFileReference; fileEncoding = 4; lastKnownFileType = sourcecode.c.objc; path = FUISegmentedControl.m; sourceTree = "<group>"; };
		D6A0C62B17B043430051A674 /* FUISwitch.h */ = {isa = PBXFileReference; fileEncoding = 4; lastKnownFileType = sourcecode.c.h; path = FUISwitch.h; sourceTree = "<group>"; };
		D6A0C62C17B043430051A674 /* FUISwitch.m */ = {isa = PBXFileReference; fileEncoding = 4; lastKnownFileType = sourcecode.c.objc; path = FUISwitch.m; sourceTree = "<group>"; };
		D6A0C62D17B043430051A674 /* UIBarButtonItem+FlatUI.h */ = {isa = PBXFileReference; fileEncoding = 4; lastKnownFileType = sourcecode.c.h; path = "UIBarButtonItem+FlatUI.h"; sourceTree = "<group>"; };
		D6A0C62E17B043430051A674 /* UIBarButtonItem+FlatUI.m */ = {isa = PBXFileReference; fileEncoding = 4; lastKnownFileType = sourcecode.c.objc; path = "UIBarButtonItem+FlatUI.m"; sourceTree = "<group>"; };
		D6A0C62F17B043430051A674 /* UIColor+FlatUI.h */ = {isa = PBXFileReference; fileEncoding = 4; lastKnownFileType = sourcecode.c.h; path = "UIColor+FlatUI.h"; sourceTree = "<group>"; };
		D6A0C63017B043430051A674 /* UIColor+FlatUI.m */ = {isa = PBXFileReference; fileEncoding = 4; lastKnownFileType = sourcecode.c.objc; path = "UIColor+FlatUI.m"; sourceTree = "<group>"; };
		D6A0C63117B043430051A674 /* UIFont+FlatUI.h */ = {isa = PBXFileReference; fileEncoding = 4; lastKnownFileType = sourcecode.c.h; path = "UIFont+FlatUI.h"; sourceTree = "<group>"; };
		D6A0C63217B043430051A674 /* UIFont+FlatUI.m */ = {isa = PBXFileReference; fileEncoding = 4; lastKnownFileType = sourcecode.c.objc; path = "UIFont+FlatUI.m"; sourceTree = "<group>"; };
		D6A0C63317B043430051A674 /* UIImage+FlatUI.h */ = {isa = PBXFileReference; fileEncoding = 4; lastKnownFileType = sourcecode.c.h; path = "UIImage+FlatUI.h"; sourceTree = "<group>"; };
		D6A0C63417B043430051A674 /* UIImage+FlatUI.m */ = {isa = PBXFileReference; fileEncoding = 4; lastKnownFileType = sourcecode.c.objc; path = "UIImage+FlatUI.m"; sourceTree = "<group>"; };
		D6A0C63517B043430051A674 /* UINavigationBar+FlatUI.h */ = {isa = PBXFileReference; fileEncoding = 4; lastKnownFileType = sourcecode.c.h; path = "UINavigationBar+FlatUI.h"; sourceTree = "<group>"; };
		D6A0C63617B043430051A674 /* UINavigationBar+FlatUI.m */ = {isa = PBXFileReference; fileEncoding = 4; lastKnownFileType = sourcecode.c.objc; path = "UINavigationBar+FlatUI.m"; sourceTree = "<group>"; };
		D6A0C63717B043430051A674 /* UIPopoverController+FlatUI.h */ = {isa = PBXFileReference; fileEncoding = 4; lastKnownFileType = sourcecode.c.h; path = "UIPopoverController+FlatUI.h"; sourceTree = "<group>"; };
		D6A0C63817B043430051A674 /* UIPopoverController+FlatUI.m */ = {isa = PBXFileReference; fileEncoding = 4; lastKnownFileType = sourcecode.c.objc; path = "UIPopoverController+FlatUI.m"; sourceTree = "<group>"; };
		D6A0C63917B043430051A674 /* UIProgressView+FlatUI.h */ = {isa = PBXFileReference; fileEncoding = 4; lastKnownFileType = sourcecode.c.h; path = "UIProgressView+FlatUI.h"; sourceTree = "<group>"; };
		D6A0C63A17B043430051A674 /* UIProgressView+FlatUI.m */ = {isa = PBXFileReference; fileEncoding = 4; lastKnownFileType = sourcecode.c.objc; path = "UIProgressView+FlatUI.m"; sourceTree = "<group>"; };
		D6A0C63B17B043430051A674 /* UISlider+FlatUI.h */ = {isa = PBXFileReference; fileEncoding = 4; lastKnownFileType = sourcecode.c.h; path = "UISlider+FlatUI.h"; sourceTree = "<group>"; };
		D6A0C63C17B043430051A674 /* UISlider+FlatUI.m */ = {isa = PBXFileReference; fileEncoding = 4; lastKnownFileType = sourcecode.c.objc; path = "UISlider+FlatUI.m"; sourceTree = "<group>"; };
		D6A0C63D17B043430051A674 /* UIStepper+FlatUI.h */ = {isa = PBXFileReference; fileEncoding = 4; lastKnownFileType = sourcecode.c.h; path = "UIStepper+FlatUI.h"; sourceTree = "<group>"; };
		D6A0C63E17B043430051A674 /* UIStepper+FlatUI.m */ = {isa = PBXFileReference; fileEncoding = 4; lastKnownFileType = sourcecode.c.objc; path = "UIStepper+FlatUI.m"; sourceTree = "<group>"; };
		D6A0C63F17B043430051A674 /* UITabBar+FlatUI.h */ = {isa = PBXFileReference; fileEncoding = 4; lastKnownFileType = sourcecode.c.h; path = "UITabBar+FlatUI.h"; sourceTree = "<group>"; };
		D6A0C64017B043430051A674 /* UITabBar+FlatUI.m */ = {isa = PBXFileReference; fileEncoding = 4; lastKnownFileType = sourcecode.c.objc; path = "UITabBar+FlatUI.m"; sourceTree = "<group>"; };
		D6A0C64117B043430051A674 /* UITableViewCell+FlatUI.h */ = {isa = PBXFileReference; fileEncoding = 4; lastKnownFileType = sourcecode.c.h; path = "UITableViewCell+FlatUI.h"; sourceTree = "<group>"; };
		D6A0C64217B043430051A674 /* UITableViewCell+FlatUI.m */ = {isa = PBXFileReference; fileEncoding = 4; lastKnownFileType = sourcecode.c.objc; path = "UITableViewCell+FlatUI.m"; sourceTree = "<group>"; };
		D6A0C64317B043430051A674 /* UIToolbar+FlatUI.h */ = {isa = PBXFileReference; fileEncoding = 4; lastKnownFileType = sourcecode.c.h; path = "UIToolbar+FlatUI.h"; sourceTree = "<group>"; };
		D6A0C64417B043430051A674 /* UIToolbar+FlatUI.m */ = {isa = PBXFileReference; fileEncoding = 4; lastKnownFileType = sourcecode.c.objc; path = "UIToolbar+FlatUI.m"; sourceTree = "<group>"; };
		D6A0C65717B043C60051A674 /* Global.h */ = {isa = PBXFileReference; fileEncoding = 4; lastKnownFileType = sourcecode.c.h; path = Global.h; sourceTree = "<group>"; };
		D6A0C65817B043C60051A674 /* Global.m */ = {isa = PBXFileReference; fileEncoding = 4; lastKnownFileType = sourcecode.c.objc; path = Global.m; sourceTree = "<group>"; };
		D6A0C65A17B0448D0051A674 /* CoreText.framework */ = {isa = PBXFileReference; lastKnownFileType = wrapper.framework; name = CoreText.framework; path = System/Library/Frameworks/CoreText.framework; sourceTree = SDKROOT; };
		D6AE7E3F17A881C0004E00AC /* CoreLocation.framework */ = {isa = PBXFileReference; lastKnownFileType = wrapper.framework; name = CoreLocation.framework; path = System/Library/Frameworks/CoreLocation.framework; sourceTree = SDKROOT; };
		D6AE8FDC17B3C5F0001C4C4D /* Default-568h@2x.png */ = {isa = PBXFileReference; lastKnownFileType = image.png; path = "Default-568h@2x.png"; sourceTree = "<group>"; };
		D6DB15C617C64F6D005C4C41 /* breakHeart.png */ = {isa = PBXFileReference; lastKnownFileType = image.png; name = breakHeart.png; path = Resource/breakHeart.png; sourceTree = "<group>"; };
		D6DB15C717C64F6D005C4C41 /* clapboard.png */ = {isa = PBXFileReference; lastKnownFileType = image.png; name = clapboard.png; path = Resource/clapboard.png; sourceTree = "<group>"; };
		D6DB15C817C64F6D005C4C41 /* clapboard@2x.png */ = {isa = PBXFileReference; lastKnownFileType = image.png; name = "clapboard@2x.png"; path = "Resource/clapboard@2x.png"; sourceTree = "<group>"; };
		D6DB15C917C64F6D005C4C41 /* Default-568@2x.png */ = {isa = PBXFileReference; lastKnownFileType = image.png; name = "Default-568@2x.png"; path = "Resource/Default-568@2x.png"; sourceTree = "<group>"; };
		D6DB15CA17C64F6D005C4C41 /* Default.png */ = {isa = PBXFileReference; lastKnownFileType = image.png; name = Default.png; path = Resource/Default.png; sourceTree = "<group>"; };
		D6DB15CB17C64F6D005C4C41 /* Default@2x.png */ = {isa = PBXFileReference; lastKnownFileType = image.png; name = "Default@2x.png"; path = "Resource/Default@2x.png"; sourceTree = "<group>"; };
		D6DB15CC17C64F6D005C4C41 /* fire_02.png */ = {isa = PBXFileReference; lastKnownFileType = image.png; name = fire_02.png; path = Resource/fire_02.png; sourceTree = "<group>"; };
		D6DB15CD17C64F6D005C4C41 /* fire_02@2x.png */ = {isa = PBXFileReference; lastKnownFileType = image.png; name = "fire_02@2x.png"; path = "Resource/fire_02@2x.png"; sourceTree = "<group>"; };
		D6DB15CE17C64F6D005C4C41 /* FlashLate_FlatNavi.png */ = {isa = PBXFileReference; lastKnownFileType = image.png; name = FlashLate_FlatNavi.png; path = Resource/FlashLate_FlatNavi.png; sourceTree = "<group>"; };
		D6DB15CF17C64F6D005C4C41 /* FlashLate_icon_back.png */ = {isa = PBXFileReference; lastKnownFileType = image.png; name = FlashLate_icon_back.png; path = Resource/FlashLate_icon_back.png; sourceTree = "<group>"; };
		D6DB15D017C64F6D005C4C41 /* flatheart.png */ = {isa = PBXFileReference; lastKnownFileType = image.png; name = flatheart.png; path = Resource/flatheart.png; sourceTree = "<group>"; };
		D6DB15D117C64F6D005C4C41 /* graph_bar.png */ = {isa = PBXFileReference; lastKnownFileType = image.png; name = graph_bar.png; path = Resource/graph_bar.png; sourceTree = "<group>"; };
		D6DB15D217C64F6D005C4C41 /* graph_bar@2x.png */ = {isa = PBXFileReference; lastKnownFileType = image.png; name = "graph_bar@2x.png"; path = "Resource/graph_bar@2x.png"; sourceTree = "<group>"; };
		D6DB15D317C64F6D005C4C41 /* heart_life.png */ = {isa = PBXFileReference; lastKnownFileType = image.png; name = heart_life.png; path = Resource/heart_life.png; sourceTree = "<group>"; };
		D6DB15D417C64F6D005C4C41 /* icon-72.png */ = {isa = PBXFileReference; lastKnownFileType = image.png; name = "icon-72.png"; path = "Resource/icon-72.png"; sourceTree = "<group>"; };
		D6DB15D517C64F6D005C4C41 /* icon-72@2x.png */ = {isa = PBXFileReference; lastKnownFileType = image.png; name = "icon-72@2x.png"; path = "Resource/icon-72@2x.png"; sourceTree = "<group>"; };
		D6DB15D617C64F6D005C4C41 /* icon-small-50.png */ = {isa = PBXFileReference; lastKnownFileType = image.png; name = "icon-small-50.png"; path = "Resource/icon-small-50.png"; sourceTree = "<group>"; };
		D6DB15D717C64F6D005C4C41 /* icon-small-50@2x.png */ = {isa = PBXFileReference; lastKnownFileType = image.png; name = "icon-small-50@2x.png"; path = "Resource/icon-small-50@2x.png"; sourceTree = "<group>"; };
		D6DB15D817C64F6D005C4C41 /* icon-small.png */ = {isa = PBXFileReference; lastKnownFileType = image.png; name = "icon-small.png"; path = "Resource/icon-small.png"; sourceTree = "<group>"; };
		D6DB15D917C64F6D005C4C41 /* icon-small@2x.png */ = {isa = PBXFileReference; lastKnownFileType = image.png; name = "icon-small@2x.png"; path = "Resource/icon-small@2x.png"; sourceTree = "<group>"; };
		D6DB15DA17C64F6D005C4C41 /* icon.png */ = {isa = PBXFileReference; lastKnownFileType = image.png; name = icon.png; path = Resource/icon.png; sourceTree = "<group>"; };
		D6DB15DB17C64F6D005C4C41 /* icon@2x.png */ = {isa = PBXFileReference; lastKnownFileType = image.png; name = "icon@2x.png"; path = "Resource/icon@2x.png"; sourceTree = "<group>"; };
		D6DB15DC17C64F6D005C4C41 /* iTunesArtwork.png */ = {isa = PBXFileReference; lastKnownFileType = image.png; name = iTunesArtwork.png; path = Resource/iTunesArtwork.png; sourceTree = "<group>"; };
		D6DB15DD17C64F6D005C4C41 /* iTunesArtwork1024.png */ = {isa = PBXFileReference; lastKnownFileType = image.png; name = iTunesArtwork1024.png; path = Resource/iTunesArtwork1024.png; sourceTree = "<group>"; };
		D6DB15DE17C64F6D005C4C41 /* lblStart.png */ = {isa = PBXFileReference; lastKnownFileType = image.png; name = lblStart.png; path = Resource/lblStart.png; sourceTree = "<group>"; };
		D6DB15DF17C64F6D005C4C41 /* tabbar_background.png */ = {isa = PBXFileReference; lastKnownFileType = image.png; name = tabbar_background.png; path = Resource/tabbar_background.png; sourceTree = "<group>"; };
		D6DB15E017C64F6D005C4C41 /* tabbar_in.png */ = {isa = PBXFileReference; lastKnownFileType = image.png; name = tabbar_in.png; path = Resource/tabbar_in.png; sourceTree = "<group>"; };
		D6DB15FC17C64FA0005C4C41 /* Default-568h@2x.png */ = {isa = PBXFileReference; lastKnownFileType = image.png; path = "Default-568h@2x.png"; sourceTree = "<group>"; };
		D6EADEDD17C4F72D0070A39D /* ChallengeSelectViewController.h */ = {isa = PBXFileReference; fileEncoding = 4; lastKnownFileType = sourcecode.c.h; path = ChallengeSelectViewController.h; sourceTree = "<group>"; };
		D6EADEDE17C4F72D0070A39D /* ChallengeSelectViewController.m */ = {isa = PBXFileReference; fileEncoding = 4; lastKnownFileType = sourcecode.c.objc; path = ChallengeSelectViewController.m; sourceTree = "<group>"; };
		D6EADEE017C4F7530070A39D /* ChallengeCalculationViewController.h */ = {isa = PBXFileReference; fileEncoding = 4; lastKnownFileType = sourcecode.c.h; path = ChallengeCalculationViewController.h; sourceTree = "<group>"; };
		D6EADEE117C4F7530070A39D /* ChallengeCalculationViewController.m */ = {isa = PBXFileReference; fileEncoding = 4; lastKnownFileType = sourcecode.c.objc; path = ChallengeCalculationViewController.m; sourceTree = "<group>"; };
		D6EADEE317C4F7660070A39D /* ChallengeResultViewController.h */ = {isa = PBXFileReference; fileEncoding = 4; lastKnownFileType = sourcecode.c.h; path = ChallengeResultViewController.h; sourceTree = "<group>"; };
		D6EADEE417C4F7660070A39D /* ChallengeResultViewController.m */ = {isa = PBXFileReference; fileEncoding = 4; lastKnownFileType = sourcecode.c.objc; path = ChallengeResultViewController.m; sourceTree = "<group>"; };
		D6EADEE617C5261F0070A39D /* RecordGraphViewController.h */ = {isa = PBXFileReference; fileEncoding = 4; lastKnownFileType = sourcecode.c.h; path = RecordGraphViewController.h; sourceTree = "<group>"; };
		D6EADEE717C5261F0070A39D /* RecordGraphViewController.m */ = {isa = PBXFileReference; fileEncoding = 4; lastKnownFileType = sourcecode.c.objc; path = RecordGraphViewController.m; sourceTree = "<group>"; };
		D6EADEEA17C5278D0070A39D /* S7GraphView.h */ = {isa = PBXFileReference; fileEncoding = 4; lastKnownFileType = sourcecode.c.h; path = S7GraphView.h; sourceTree = "<group>"; };
		D6EADEEB17C5278D0070A39D /* S7GraphView.m */ = {isa = PBXFileReference; fileEncoding = 4; lastKnownFileType = sourcecode.c.objc; path = S7GraphView.m; sourceTree = "<group>"; };
		D6EADEEC17C5278D0070A39D /* S7Macros.h */ = {isa = PBXFileReference; fileEncoding = 4; lastKnownFileType = sourcecode.c.h; path = S7Macros.h; sourceTree = "<group>"; };
		D6EADEEF17C5BB850070A39D /* NSDate+Extras.h */ = {isa = PBXFileReference; fileEncoding = 4; lastKnownFileType = sourcecode.c.h; path = "NSDate+Extras.h"; sourceTree = "<group>"; };
		D6EADEF017C5BB850070A39D /* NSDate+Extras.m */ = {isa = PBXFileReference; fileEncoding = 4; lastKnownFileType = sourcecode.c.objc; path = "NSDate+Extras.m"; sourceTree = "<group>"; };
		D6F4AAEF17CBF29F00675D90 /* sky_Background.jpg */ = {isa = PBXFileReference; lastKnownFileType = image.jpeg; path = sky_Background.jpg; sourceTree = "<group>"; };
		D6F4AAF117CBF32C00675D90 /* backgroundSky320_480.jpg */ = {isa = PBXFileReference; lastKnownFileType = image.jpeg; path = backgroundSky320_480.jpg; sourceTree = "<group>"; };
		D6FE4FF817C6B6510049C2E1 /* AVFoundation.framework */ = {isa = PBXFileReference; lastKnownFileType = wrapper.framework; name = AVFoundation.framework; path = System/Library/Frameworks/AVFoundation.framework; sourceTree = SDKROOT; };
		D6FE4FFA17C6B7CD0049C2E1 /* wrong.mp3 */ = {isa = PBXFileReference; lastKnownFileType = audio.mp3; path = wrong.mp3; sourceTree = "<group>"; };
		D6FE4FFB17C6B7CD0049C2E1 /* right.mp3 */ = {isa = PBXFileReference; lastKnownFileType = audio.mp3; path = right.mp3; sourceTree = "<group>"; };
/* End PBXFileReference section */

/* Begin PBXFrameworksBuildPhase section */
		D61B41701799922100F51913 /* Frameworks */ = {
			isa = PBXFrameworksBuildPhase;
			buildActionMask = 2147483647;
			files = (
				D6FE4FF917C6B6520049C2E1 /* AVFoundation.framework in Frameworks */,
				D6A0C65B17B0448D0051A674 /* CoreText.framework in Frameworks */,
				D6AE7E4017A881C0004E00AC /* CoreLocation.framework in Frameworks */,
				D695CFF017A3129B00C5BCDE /* CoreData.framework in Frameworks */,
				D61B41771799922100F51913 /* UIKit.framework in Frameworks */,
				D61B41791799922100F51913 /* Foundation.framework in Frameworks */,
				D61B417B1799922100F51913 /* CoreGraphics.framework in Frameworks */,
			);
			runOnlyForDeploymentPostprocessing = 0;
		};
/* End PBXFrameworksBuildPhase section */

/* Begin PBXGroup section */
		D61B416A1799922000F51913 = {
			isa = PBXGroup;
			children = (
				D61B417C1799922100F51913 /* Flashlate */,
				D61B41751799922100F51913 /* Frameworks */,
				D61B41741799922100F51913 /* Products */,
			);
			sourceTree = "<group>";
		};
		D61B41741799922100F51913 /* Products */ = {
			isa = PBXGroup;
			children = (
				D61B41731799922100F51913 /* Flashlate.app */,
			);
			name = Products;
			sourceTree = "<group>";
		};
		D61B41751799922100F51913 /* Frameworks */ = {
			isa = PBXGroup;
			children = (
				D6EADEEE17C5BB850070A39D /* NSDate */,
				D6EADEE917C5278D0070A39D /* s7graphview */,
				D6FE4FF817C6B6510049C2E1 /* AVFoundation.framework */,
				D6A0C65A17B0448D0051A674 /* CoreText.framework */,
				D6AE7E3F17A881C0004E00AC /* CoreLocation.framework */,
				D695CFEF17A3129B00C5BCDE /* CoreData.framework */,
				D61B41761799922100F51913 /* UIKit.framework */,
				D61B41781799922100F51913 /* Foundation.framework */,
				D61B417A1799922100F51913 /* CoreGraphics.framework */,
			);
			name = Frameworks;
			sourceTree = "<group>";
		};
		D61B417C1799922100F51913 /* Flashlate */ = {
			isa = PBXGroup;
			children = (
				D6A0C61B17B0432B0051A674 /* Classes */,
				D695CFEB17A300F100C5BCDE /* model */,
				D61B41A817999E7700F51913 /* controller */,
				D695CFF117A3CB1100C5BCDE /* view */,
				D61B417D1799922100F51913 /* Supporting Files */,
				D695CFAE179C513700C5BCDE /* Resources */,
			);
			path = Flashlate;
			sourceTree = "<group>";
		};
		D61B417D1799922100F51913 /* Supporting Files */ = {
			isa = PBXGroup;
			children = (
				D61B417E1799922100F51913 /* Flashlate-Info.plist */,
				D61B417F1799922100F51913 /* InfoPlist.strings */,
				D61B41821799922100F51913 /* main.m */,
				D61B41841799922100F51913 /* Flashlate-Prefix.pch */,
			);
			name = "Supporting Files";
			sourceTree = "<group>";
		};
		D61B41A817999E7700F51913 /* controller */ = {
			isa = PBXGroup;
			children = (
				D61B41851799922100F51913 /* AppDelegate.h */,
				D61B41861799922100F51913 /* AppDelegate.m */,
				D61B419917999CEB00F51913 /* FreeSettingViewController.h */,
				D61B419A17999CEB00F51913 /* FreeSettingViewController.m */,
				D61B419C17999D7500F51913 /* FreeCalculationViewController.h */,
				D61B419D17999D7500F51913 /* FreeCalculationViewController.m */,
				D61B419F17999D9900F51913 /* FreeAnswerViewController.h */,
				D61B41A017999D9900F51913 /* FreeAnswerViewController.m */,
				D6EADEDD17C4F72D0070A39D /* ChallengeSelectViewController.h */,
				D6EADEDE17C4F72D0070A39D /* ChallengeSelectViewController.m */,
				D6EADEE017C4F7530070A39D /* ChallengeCalculationViewController.h */,
				D6EADEE117C4F7530070A39D /* ChallengeCalculationViewController.m */,
				D6EADEE317C4F7660070A39D /* ChallengeResultViewController.h */,
				D6EADEE417C4F7660070A39D /* ChallengeResultViewController.m */,
				D695CFF217A3CB4400C5BCDE /* RecordTableViewController.h */,
				D695CFF317A3CB4400C5BCDE /* RecordTableViewController.m */,
				D6EADEE617C5261F0070A39D /* RecordGraphViewController.h */,
				D6EADEE717C5261F0070A39D /* RecordGraphViewController.m */,
			);
			name = controller;
			sourceTree = "<group>";
		};
		D695CFAE179C513700C5BCDE /* Resources */ = {
			isa = PBXGroup;
			children = (
				D6F4AAF117CBF32C00675D90 /* backgroundSky320_480.jpg */,
				D6F4AAEF17CBF29F00675D90 /* sky_Background.jpg */,
				D6101B2817C7FB9A001F4893 /* btnTap.mp3 */,
				D6101B2617C7FAE6001F4893 /* judge.mp3 */,
				D6101B2417C7FADE001F4893 /* tap.mp3 */,
				D6101B2217C7F77C001F4893 /* menu_2.mp3 */,
				D6066AAE17C7252A00B83711 /* Seikai01-1.mp3 */,
				D6FE4FFA17C6B7CD0049C2E1 /* wrong.mp3 */,
				D6FE4FFB17C6B7CD0049C2E1 /* right.mp3 */,
				D6AE8FDC17B3C5F0001C4C4D /* Default-568h@2x.png */,
				D6DB15FC17C64FA0005C4C41 /* Default-568h@2x.png */,
				D6DB15C617C64F6D005C4C41 /* breakHeart.png */,
				D6DB15C717C64F6D005C4C41 /* clapboard.png */,
				D6DB15C817C64F6D005C4C41 /* clapboard@2x.png */,
				D6DB15C917C64F6D005C4C41 /* Default-568@2x.png */,
				D6DB15CA17C64F6D005C4C41 /* Default.png */,
				D6DB15CB17C64F6D005C4C41 /* Default@2x.png */,
				D6DB15CC17C64F6D005C4C41 /* fire_02.png */,
				D6DB15CD17C64F6D005C4C41 /* fire_02@2x.png */,
				D6DB15CE17C64F6D005C4C41 /* FlashLate_FlatNavi.png */,
				D6DB15CF17C64F6D005C4C41 /* FlashLate_icon_back.png */,
				D6DB15D017C64F6D005C4C41 /* flatheart.png */,
				D6DB15D117C64F6D005C4C41 /* graph_bar.png */,
				D6DB15D217C64F6D005C4C41 /* graph_bar@2x.png */,
				D6DB15D317C64F6D005C4C41 /* heart_life.png */,
				D6DB15D417C64F6D005C4C41 /* icon-72.png */,
				D6DB15D517C64F6D005C4C41 /* icon-72@2x.png */,
				D6DB15D617C64F6D005C4C41 /* icon-small-50.png */,
				D6DB15D717C64F6D005C4C41 /* icon-small-50@2x.png */,
				D6DB15D817C64F6D005C4C41 /* icon-small.png */,
				D6DB15D917C64F6D005C4C41 /* icon-small@2x.png */,
				D6DB15DA17C64F6D005C4C41 /* icon.png */,
				D6DB15DB17C64F6D005C4C41 /* icon@2x.png */,
				D6DB15DC17C64F6D005C4C41 /* iTunesArtwork.png */,
				D6DB15DD17C64F6D005C4C41 /* iTunesArtwork1024.png */,
				D6DB15DE17C64F6D005C4C41 /* lblStart.png */,
				D6DB15DF17C64F6D005C4C41 /* tabbar_background.png */,
				D6DB15E017C64F6D005C4C41 /* tabbar_in.png */,
			);
			name = Resources;
			path = ..;
			sourceTree = "<group>";
		};
		D695CFEB17A300F100C5BCDE /* model */ = {
			isa = PBXGroup;
			children = (
				D695CFE517A2FE6800C5BCDE /* Model.xcdatamodeld */,
				D695CFE817A3008600C5BCDE /* FLRecord.h */,
				D695CFE917A3008600C5BCDE /* FLRecord.m */,
				D695CFEC17A3070000C5BCDE /* FLDataManager.h */,
				D695CFED17A3070000C5BCDE /* FLDataManager.m */,
			);
			name = model;
			sourceTree = "<group>";
		};
		D695CFF117A3CB1100C5BCDE /* view */ = {
			isa = PBXGroup;
			children = (
				D695CFF617A4290E00C5BCDE /* FLRecordCell.h */,
				D695CFF717A4290E00C5BCDE /* FLRecordCell.m */,
				D61B418E1799922100F51913 /* MainStoryboard.storyboard */,
			);
			name = view;
			sourceTree = "<group>";
		};
		D6A0C61B17B0432B0051A674 /* Classes */ = {
			isa = PBXGroup;
			children = (
				D6A0C61F17B043430051A674 /* ios */,
				D6A0C61C17B0432B0051A674 /* QBFlatButton.h */,
				D6A0C61D17B0432B0051A674 /* QBFlatButton.m */,
				D6A0C65717B043C60051A674 /* Global.h */,
				D6A0C65817B043C60051A674 /* Global.m */,
			);
			path = Classes;
			sourceTree = "<group>";
		};
		D6A0C61F17B043430051A674 /* ios */ = {
			isa = PBXGroup;
			children = (
				D6A0C62017B043430051A674 /* FlatUIKit.h */,
				D6A0C62117B043430051A674 /* FUIAlertView.h */,
				D6A0C62217B043430051A674 /* FUIAlertView.m */,
				D6A0C62317B043430051A674 /* FUIButton.h */,
				D6A0C62417B043430051A674 /* FUIButton.m */,
				D6A0C62517B043430051A674 /* FUICellBackgroundView.h */,
				D6A0C62617B043430051A674 /* FUICellBackgroundView.m */,
				D6A0C62717B043430051A674 /* FUIPopoverBackgroundView.h */,
				D6A0C62817B043430051A674 /* FUIPopoverBackgroundView.m */,
				D6A0C62917B043430051A674 /* FUISegmentedControl.h */,
				D6A0C62A17B043430051A674 /* FUISegmentedControl.m */,
				D6A0C62B17B043430051A674 /* FUISwitch.h */,
				D6A0C62C17B043430051A674 /* FUISwitch.m */,
				D6A0C62D17B043430051A674 /* UIBarButtonItem+FlatUI.h */,
				D6A0C62E17B043430051A674 /* UIBarButtonItem+FlatUI.m */,
				D6A0C62F17B043430051A674 /* UIColor+FlatUI.h */,
				D6A0C63017B043430051A674 /* UIColor+FlatUI.m */,
				D6A0C63117B043430051A674 /* UIFont+FlatUI.h */,
				D6A0C63217B043430051A674 /* UIFont+FlatUI.m */,
				D6A0C63317B043430051A674 /* UIImage+FlatUI.h */,
				D6A0C63417B043430051A674 /* UIImage+FlatUI.m */,
				D6A0C63517B043430051A674 /* UINavigationBar+FlatUI.h */,
				D6A0C63617B043430051A674 /* UINavigationBar+FlatUI.m */,
				D6A0C63717B043430051A674 /* UIPopoverController+FlatUI.h */,
				D6A0C63817B043430051A674 /* UIPopoverController+FlatUI.m */,
				D6A0C63917B043430051A674 /* UIProgressView+FlatUI.h */,
				D6A0C63A17B043430051A674 /* UIProgressView+FlatUI.m */,
				D6A0C63B17B043430051A674 /* UISlider+FlatUI.h */,
				D6A0C63C17B043430051A674 /* UISlider+FlatUI.m */,
				D6A0C63D17B043430051A674 /* UIStepper+FlatUI.h */,
				D6A0C63E17B043430051A674 /* UIStepper+FlatUI.m */,
				D6A0C63F17B043430051A674 /* UITabBar+FlatUI.h */,
				D6A0C64017B043430051A674 /* UITabBar+FlatUI.m */,
				D6A0C64117B043430051A674 /* UITableViewCell+FlatUI.h */,
				D6A0C64217B043430051A674 /* UITableViewCell+FlatUI.m */,
				D6A0C64317B043430051A674 /* UIToolbar+FlatUI.h */,
				D6A0C64417B043430051A674 /* UIToolbar+FlatUI.m */,
			);
			path = ios;
			sourceTree = "<group>";
		};
		D6EADEE917C5278D0070A39D /* s7graphview */ = {
			isa = PBXGroup;
			children = (
				D6EADEEA17C5278D0070A39D /* S7GraphView.h */,
				D6EADEEB17C5278D0070A39D /* S7GraphView.m */,
				D6EADEEC17C5278D0070A39D /* S7Macros.h */,
			);
			path = s7graphview;
			sourceTree = "<group>";
		};
		D6EADEEE17C5BB850070A39D /* NSDate */ = {
			isa = PBXGroup;
			children = (
				D6EADEEF17C5BB850070A39D /* NSDate+Extras.h */,
				D6EADEF017C5BB850070A39D /* NSDate+Extras.m */,
			);
			path = NSDate;
			sourceTree = "<group>";
		};
/* End PBXGroup section */

/* Begin PBXNativeTarget section */
		D61B41721799922100F51913 /* Flashlate */ = {
			isa = PBXNativeTarget;
			buildConfigurationList = D61B41961799922100F51913 /* Build configuration list for PBXNativeTarget "Flashlate" */;
			buildPhases = (
				D61B416F1799922100F51913 /* Sources */,
				D61B41701799922100F51913 /* Frameworks */,
				D61B41711799922100F51913 /* Resources */,
			);
			buildRules = (
			);
			dependencies = (
			);
			name = Flashlate;
			productName = Flashlate;
			productReference = D61B41731799922100F51913 /* Flashlate.app */;
			productType = "com.apple.product-type.application";
		};
/* End PBXNativeTarget section */

/* Begin PBXProject section */
		D61B416B1799922000F51913 /* Project object */ = {
			isa = PBXProject;
			attributes = {
				LastUpgradeCheck = 0460;
				ORGANIZATIONNAME = "yu-yu";
			};
			buildConfigurationList = D61B416E1799922000F51913 /* Build configuration list for PBXProject "Flashlate" */;
			compatibilityVersion = "Xcode 3.2";
			developmentRegion = English;
			hasScannedForEncodings = 0;
			knownRegions = (
				en,
			);
			mainGroup = D61B416A1799922000F51913;
			productRefGroup = D61B41741799922100F51913 /* Products */;
			projectDirPath = "";
			projectRoot = "";
			targets = (
				D61B41721799922100F51913 /* Flashlate */,
			);
		};
/* End PBXProject section */

/* Begin PBXResourcesBuildPhase section */
		D61B41711799922100F51913 /* Resources */ = {
			isa = PBXResourcesBuildPhase;
			buildActionMask = 2147483647;
			files = (
				D61B41811799922100F51913 /* InfoPlist.strings in Resources */,
				D61B41901799922100F51913 /* MainStoryboard.storyboard in Resources */,
				D6AE8FDD17B3C5F0001C4C4D /* Default-568h@2x.png in Resources */,
				D6DB15E117C64F6D005C4C41 /* breakHeart.png in Resources */,
				D6DB15E217C64F6D005C4C41 /* clapboard.png in Resources */,
				D6DB15E317C64F6D005C4C41 /* clapboard@2x.png in Resources */,
				D6DB15E417C64F6D005C4C41 /* Default-568@2x.png in Resources */,
				D6DB15E517C64F6D005C4C41 /* Default.png in Resources */,
				D6DB15E617C64F6D005C4C41 /* Default@2x.png in Resources */,
				D6DB15E717C64F6D005C4C41 /* fire_02.png in Resources */,
				D6DB15E817C64F6D005C4C41 /* fire_02@2x.png in Resources */,
				D6DB15E917C64F6D005C4C41 /* FlashLate_FlatNavi.png in Resources */,
				D6DB15EA17C64F6D005C4C41 /* FlashLate_icon_back.png in Resources */,
				D6DB15EB17C64F6D005C4C41 /* flatheart.png in Resources */,
				D6DB15EC17C64F6D005C4C41 /* graph_bar.png in Resources */,
				D6DB15ED17C64F6D005C4C41 /* graph_bar@2x.png in Resources */,
				D6DB15EE17C64F6D005C4C41 /* heart_life.png in Resources */,
				D6DB15EF17C64F6D005C4C41 /* icon-72.png in Resources */,
				D6DB15F017C64F6D005C4C41 /* icon-72@2x.png in Resources */,
				D6DB15F117C64F6D005C4C41 /* icon-small-50.png in Resources */,
				D6DB15F217C64F6D005C4C41 /* icon-small-50@2x.png in Resources */,
				D6DB15F317C64F6D005C4C41 /* icon-small.png in Resources */,
				D6DB15F417C64F6D005C4C41 /* icon-small@2x.png in Resources */,
				D6DB15F517C64F6D005C4C41 /* icon.png in Resources */,
				D6DB15F617C64F6D005C4C41 /* icon@2x.png in Resources */,
				D6DB15F717C64F6D005C4C41 /* iTunesArtwork.png in Resources */,
				D6DB15F817C64F6D005C4C41 /* iTunesArtwork1024.png in Resources */,
				D6DB15F917C64F6D005C4C41 /* lblStart.png in Resources */,
				D6DB15FA17C64F6D005C4C41 /* tabbar_background.png in Resources */,
				D6DB15FB17C64F6D005C4C41 /* tabbar_in.png in Resources */,
				D6DB15FD17C64FA0005C4C41 /* Default-568h@2x.png in Resources */,
				D6FE4FFC17C6B7CD0049C2E1 /* wrong.mp3 in Resources */,
				D6FE4FFD17C6B7CD0049C2E1 /* right.mp3 in Resources */,
				D6066AAF17C7252A00B83711 /* Seikai01-1.mp3 in Resources */,
				D6101B2317C7F77C001F4893 /* menu_2.mp3 in Resources */,
				D6101B2517C7FADE001F4893 /* tap.mp3 in Resources */,
				D6101B2717C7FAE6001F4893 /* judge.mp3 in Resources */,
				D6101B2917C7FB9A001F4893 /* btnTap.mp3 in Resources */,
				D6F4AAF017CBF29F00675D90 /* sky_Background.jpg in Resources */,
				D6F4AAF217CBF32C00675D90 /* backgroundSky320_480.jpg in Resources */,
			);
			runOnlyForDeploymentPostprocessing = 0;
		};
/* End PBXResourcesBuildPhase section */

/* Begin PBXSourcesBuildPhase section */
		D61B416F1799922100F51913 /* Sources */ = {
			isa = PBXSourcesBuildPhase;
			buildActionMask = 2147483647;
			files = (
				D61B41831799922100F51913 /* main.m in Sources */,
				D61B41871799922100F51913 /* AppDelegate.m in Sources */,
				D61B419B17999CEB00F51913 /* FreeSettingViewController.m in Sources */,
				D61B419E17999D7500F51913 /* FreeCalculationViewController.m in Sources */,
				D61B41A117999D9900F51913 /* FreeAnswerViewController.m in Sources */,
				D695CFE717A2FE6900C5BCDE /* Model.xcdatamodeld in Sources */,
				D695CFEA17A3008700C5BCDE /* FLRecord.m in Sources */,
				D695CFEE17A3070000C5BCDE /* FLDataManager.m in Sources */,
				D695CFF417A3CB4400C5BCDE /* RecordTableViewController.m in Sources */,
				D695CFF817A4290E00C5BCDE /* FLRecordCell.m in Sources */,
				D6A0C61E17B0432B0051A674 /* QBFlatButton.m in Sources */,
				D6A0C64517B043430051A674 /* FUIAlertView.m in Sources */,
				D6A0C64617B043430051A674 /* FUIButton.m in Sources */,
				D6A0C64717B043430051A674 /* FUICellBackgroundView.m in Sources */,
				D6A0C64817B043430051A674 /* FUIPopoverBackgroundView.m in Sources */,
				D6A0C64917B043430051A674 /* FUISegmentedControl.m in Sources */,
				D6A0C64A17B043430051A674 /* FUISwitch.m in Sources */,
				D6A0C64B17B043430051A674 /* UIBarButtonItem+FlatUI.m in Sources */,
				D6A0C64C17B043430051A674 /* UIColor+FlatUI.m in Sources */,
				D6A0C64D17B043430051A674 /* UIFont+FlatUI.m in Sources */,
				D6A0C64E17B043430051A674 /* UIImage+FlatUI.m in Sources */,
				D6A0C64F17B043430051A674 /* UINavigationBar+FlatUI.m in Sources */,
				D6A0C65017B043430051A674 /* UIPopoverController+FlatUI.m in Sources */,
				D6A0C65117B043430051A674 /* UIProgressView+FlatUI.m in Sources */,
				D6A0C65217B043430051A674 /* UISlider+FlatUI.m in Sources */,
				D6A0C65317B043430051A674 /* UIStepper+FlatUI.m in Sources */,
				D6A0C65417B043430051A674 /* UITabBar+FlatUI.m in Sources */,
				D6A0C65517B043430051A674 /* UITableViewCell+FlatUI.m in Sources */,
				D6A0C65617B043430051A674 /* UIToolbar+FlatUI.m in Sources */,
				D6A0C65917B043C60051A674 /* Global.m in Sources */,
				D6EADEDF17C4F72D0070A39D /* ChallengeSelectViewController.m in Sources */,
				D6EADEE217C4F7530070A39D /* ChallengeCalculationViewController.m in Sources */,
				D6EADEE517C4F7660070A39D /* ChallengeResultViewController.m in Sources */,
				D6EADEE817C526200070A39D /* RecordGraphViewController.m in Sources */,
				D6EADEED17C5278D0070A39D /* S7GraphView.m in Sources */,
				D6EADEF217C5BB850070A39D /* NSDate+Extras.m in Sources */,
			);
			runOnlyForDeploymentPostprocessing = 0;
		};
/* End PBXSourcesBuildPhase section */

/* Begin PBXVariantGroup section */
		D61B417F1799922100F51913 /* InfoPlist.strings */ = {
			isa = PBXVariantGroup;
			children = (
				D61B41801799922100F51913 /* en */,
			);
			name = InfoPlist.strings;
			sourceTree = "<group>";
		};
		D61B418E1799922100F51913 /* MainStoryboard.storyboard */ = {
			isa = PBXVariantGroup;
			children = (
				D61B418F1799922100F51913 /* en */,
			);
			name = MainStoryboard.storyboard;
			sourceTree = "<group>";
		};
/* End PBXVariantGroup section */

/* Begin XCBuildConfiguration section */
		D61B41941799922100F51913 /* Debug */ = {
			isa = XCBuildConfiguration;
			buildSettings = {
				ALWAYS_SEARCH_USER_PATHS = NO;
				CLANG_CXX_LANGUAGE_STANDARD = "gnu++0x";
				CLANG_CXX_LIBRARY = "libc++";
				CLANG_ENABLE_OBJC_ARC = YES;
				CLANG_WARN_CONSTANT_CONVERSION = YES;
				CLANG_WARN_EMPTY_BODY = YES;
				CLANG_WARN_ENUM_CONVERSION = YES;
				CLANG_WARN_INT_CONVERSION = YES;
				CLANG_WARN__DUPLICATE_METHOD_MATCH = YES;
				"CODE_SIGN_IDENTITY[sdk=iphoneos*]" = "iPhone Developer";
				COPY_PHASE_STRIP = NO;
				GCC_C_LANGUAGE_STANDARD = gnu99;
				GCC_DYNAMIC_NO_PIC = NO;
				GCC_OPTIMIZATION_LEVEL = 0;
				GCC_PREPROCESSOR_DEFINITIONS = (
					"DEBUG=1",
					"$(inherited)",
				);
				GCC_SYMBOLS_PRIVATE_EXTERN = NO;
				GCC_WARN_ABOUT_RETURN_TYPE = YES;
				GCC_WARN_UNINITIALIZED_AUTOS = YES;
				GCC_WARN_UNUSED_VARIABLE = YES;
				IPHONEOS_DEPLOYMENT_TARGET = 6.1;
				ONLY_ACTIVE_ARCH = YES;
				SDKROOT = iphoneos;
			};
			name = Debug;
		};
		D61B41951799922100F51913 /* Release */ = {
			isa = XCBuildConfiguration;
			buildSettings = {
				ALWAYS_SEARCH_USER_PATHS = NO;
				CLANG_CXX_LANGUAGE_STANDARD = "gnu++0x";
				CLANG_CXX_LIBRARY = "libc++";
				CLANG_ENABLE_OBJC_ARC = YES;
				CLANG_WARN_CONSTANT_CONVERSION = YES;
				CLANG_WARN_EMPTY_BODY = YES;
				CLANG_WARN_ENUM_CONVERSION = YES;
				CLANG_WARN_INT_CONVERSION = YES;
				CLANG_WARN__DUPLICATE_METHOD_MATCH = YES;
				"CODE_SIGN_IDENTITY[sdk=iphoneos*]" = "iPhone Developer";
				COPY_PHASE_STRIP = YES;
				GCC_C_LANGUAGE_STANDARD = gnu99;
				GCC_WARN_ABOUT_RETURN_TYPE = YES;
				GCC_WARN_UNINITIALIZED_AUTOS = YES;
				GCC_WARN_UNUSED_VARIABLE = YES;
				IPHONEOS_DEPLOYMENT_TARGET = 6.1;
				OTHER_CFLAGS = "-DNS_BLOCK_ASSERTIONS=1";
				SDKROOT = iphoneos;
				VALIDATE_PRODUCT = YES;
			};
			name = Release;
		};
		D61B41971799922100F51913 /* Debug */ = {
			isa = XCBuildConfiguration;
			buildSettings = {
				CODE_SIGN_IDENTITY = "iPhone Developer: Yuta Takahashi (D7Q2JP5U2G)";
				"CODE_SIGN_IDENTITY[sdk=iphoneos*]" = "iPhone Developer: Yuta Takahashi (D7Q2JP5U2G)";
				GCC_PRECOMPILE_PREFIX_HEADER = YES;
				GCC_PREFIX_HEADER = "Flashlate/Flashlate-Prefix.pch";
				INFOPLIST_FILE = "Flashlate/Flashlate-Info.plist";
				IPHONEOS_DEPLOYMENT_TARGET = 6.1;
				PRODUCT_NAME = "$(TARGET_NAME)";
				PROVISIONING_PROFILE = "3BD39762-25C2-4A7B-A399-8C54F1DAEF53";
				"PROVISIONING_PROFILE[sdk=iphoneos*]" = "3BD39762-25C2-4A7B-A399-8C54F1DAEF53";
				WRAPPER_EXTENSION = app;
			};
			name = Debug;
		};
		D61B41981799922100F51913 /* Release */ = {
			isa = XCBuildConfiguration;
			buildSettings = {
				CODE_SIGN_IDENTITY = "iPhone Distribution: YUTA TAKAHASHI (YW9DBPDEF5)";
				"CODE_SIGN_IDENTITY[sdk=iphoneos*]" = "iPhone Distribution: YUTA TAKAHASHI (YW9DBPDEF5)";
				GCC_PRECOMPILE_PREFIX_HEADER = YES;
				GCC_PREFIX_HEADER = "Flashlate/Flashlate-Prefix.pch";
				INFOPLIST_FILE = "Flashlate/Flashlate-Info.plist";
				IPHONEOS_DEPLOYMENT_TARGET = 6.1;
				PRODUCT_NAME = "$(TARGET_NAME)";
				PROVISIONING_PROFILE = "";
				"PROVISIONING_PROFILE[sdk=iphoneos*]" = "";
				WRAPPER_EXTENSION = app;
			};
			name = Release;
		};
/* End XCBuildConfiguration section */

/* Begin XCConfigurationList section */
		D61B416E1799922000F51913 /* Build configuration list for PBXProject "Flashlate" */ = {
			isa = XCConfigurationList;
			buildConfigurations = (
				D61B41941799922100F51913 /* Debug */,
				D61B41951799922100F51913 /* Release */,
			);
			defaultConfigurationIsVisible = 0;
			defaultConfigurationName = Release;
		};
		D61B41961799922100F51913 /* Build configuration list for PBXNativeTarget "Flashlate" */ = {
			isa = XCConfigurationList;
			buildConfigurations = (
				D61B41971799922100F51913 /* Debug */,
				D61B41981799922100F51913 /* Release */,
			);
			defaultConfigurationIsVisible = 0;
			defaultConfigurationName = Release;
		};
/* End XCConfigurationList section */

/* Begin XCVersionGroup section */
		D695CFE517A2FE6800C5BCDE /* Model.xcdatamodeld */ = {
			isa = XCVersionGroup;
			children = (
				D695CFE617A2FE6900C5BCDE /* Model.xcdatamodel */,
			);
			currentVersion = D695CFE617A2FE6900C5BCDE /* Model.xcdatamodel */;
			path = Model.xcdatamodeld;
			sourceTree = "<group>";
			versionGroupType = wrapper.xcdatamodel;
		};
/* End XCVersionGroup section */
	};
	rootObject = D61B416B1799922000F51913 /* Project object */;
}
